
Microsoft Visual Studio Solution File, Format Version 12.00
# Visual Studio Version 17
VisualStudioVersion = 17.12.35707.178
MinimumVisualStudioVersion = 10.0.40219.1
Project("{FAE04EC0-301F-11D3-BF4B-00C04F79EFBC}") = "API", "API\API.csproj", "{7E24AFD8-F3BC-48F4-A19A-611E638F4315}"
EndProject
Project("{FAE04EC0-301F-11D3-BF4B-00C04F79EFBC}") = "Frontend", "Frontend\Frontend.csproj", "{4AAA53A5-29CB-41A1-966E-A0448AE60928}"
EndProject
Project("{FAE04EC0-301F-11D3-BF4B-00C04F79EFBC}") = "SwitchesDll", "SwitchesDll\SwitchesDll.csproj", "{BCAAB10B-9B63-4617-ADDB-5EAD3C64F190}"
EndProject
Project("{FAE04EC0-301F-11D3-BF4B-00C04F79EFBC}") = "APIxUnitTests", "Tests\APIxUnitTests\APIxUnitTests.csproj", "{D3D8AB8B-B79A-443D-8998-F9A31D79358A}"
EndProject
Project("{FAE04EC0-301F-11D3-BF4B-00C04F79EFBC}") = "FrontendxUnitTest", "Tests\FrontendxUnitTest\FrontendxUnitTest.csproj", "{21C234A2-18E9-4793-8BC0-DBD363F09F40}"
EndProject
Global
	GlobalSection(SolutionConfigurationPlatforms) = preSolution
		Debug|Any CPU = Debug|Any CPU
		Release|Any CPU = Release|Any CPU
	EndGlobalSection
	GlobalSection(ProjectConfigurationPlatforms) = postSolution
		{7E24AFD8-F3BC-48F4-A19A-611E638F4315}.Debug|Any CPU.ActiveCfg = Debug|Any CPU
		{7E24AFD8-F3BC-48F4-A19A-611E638F4315}.Debug|Any CPU.Build.0 = Debug|Any CPU
		{7E24AFD8-F3BC-48F4-A19A-611E638F4315}.Release|Any CPU.ActiveCfg = Release|Any CPU
		{7E24AFD8-F3BC-48F4-A19A-611E638F4315}.Release|Any CPU.Build.0 = Release|Any CPU
		{4AAA53A5-29CB-41A1-966E-A0448AE60928}.Debug|Any CPU.ActiveCfg = Debug|Any CPU
		{4AAA53A5-29CB-41A1-966E-A0448AE60928}.Debug|Any CPU.Build.0 = Debug|Any CPU
		{4AAA53A5-29CB-41A1-966E-A0448AE60928}.Release|Any CPU.ActiveCfg = Release|Any CPU
		{4AAA53A5-29CB-41A1-966E-A0448AE60928}.Release|Any CPU.Build.0 = Release|Any CPU
		{BCAAB10B-9B63-4617-ADDB-5EAD3C64F190}.Debug|Any CPU.ActiveCfg = Debug|Any CPU
		{BCAAB10B-9B63-4617-ADDB-5EAD3C64F190}.Debug|Any CPU.Build.0 = Debug|Any CPU
		{BCAAB10B-9B63-4617-ADDB-5EAD3C64F190}.Release|Any CPU.ActiveCfg = Release|Any CPU
		{BCAAB10B-9B63-4617-ADDB-5EAD3C64F190}.Release|Any CPU.Build.0 = Release|Any CPU
		{D3D8AB8B-B79A-443D-8998-F9A31D79358A}.Debug|Any CPU.ActiveCfg = Debug|Any CPU
		{D3D8AB8B-B79A-443D-8998-F9A31D79358A}.Debug|Any CPU.Build.0 = Debug|Any CPU
		{D3D8AB8B-B79A-443D-8998-F9A31D79358A}.Release|Any CPU.ActiveCfg = Release|Any CPU
		{D3D8AB8B-B79A-443D-8998-F9A31D79358A}.Release|Any CPU.Build.0 = Release|Any CPU
		{21C234A2-18E9-4793-8BC0-DBD363F09F40}.Debug|Any CPU.ActiveCfg = Debug|Any CPU
		{21C234A2-18E9-4793-8BC0-DBD363F09F40}.Debug|Any CPU.Build.0 = Debug|Any CPU
		{21C234A2-18E9-4793-8BC0-DBD363F09F40}.Release|Any CPU.ActiveCfg = Release|Any CPU
		{21C234A2-18E9-4793-8BC0-DBD363F09F40}.Release|Any CPU.Build.0 = Release|Any CPU
	EndGlobalSection
	GlobalSection(SolutionProperties) = preSolution
		HideSolutionNode = FALSE
	EndGlobalSection
EndGlobal
